
Microsoft Visual Studio Solution File, Format Version 12.00
Project("{FAE04EC0-301F-11D3-BF4B-00C04F79EFBC}") = "Lab2", "Lab2\Lab2.csproj", "{50C37D66-4AD9-4F8F-BEA4-72E81F3ECD0F}"
EndProject
Project("{FAE04EC0-301F-11D3-BF4B-00C04F79EFBC}") = "Lab1", "Lab1\Lab1.csproj", "{BE33F65B-9389-4E20-A847-4E5A8E93F3F8}"
EndProject
Project("{FAE04EC0-301F-11D3-BF4B-00C04F79EFBC}") = "Lab2.Test", "Lab2.Test\Lab2.Test.csproj", "{555C7DF1-8003-41F7-BE0D-98DD2F948C7F}"
EndProject
Project("{FAE04EC0-301F-11D3-BF4B-00C04F79EFBC}") = "Lab4", "Lab4\Lab4.csproj", "{0258F34C-3D56-4181-95E6-3328ABD48A08}"
EndProject
Global
	GlobalSection(SolutionConfigurationPlatforms) = preSolution
		Debug|Any CPU = Debug|Any CPU
		Release|Any CPU = Release|Any CPU
	EndGlobalSection
	GlobalSection(ProjectConfigurationPlatforms) = postSolution
		{50C37D66-4AD9-4F8F-BEA4-72E81F3ECD0F}.Debug|Any CPU.ActiveCfg = Debug|Any CPU
		{50C37D66-4AD9-4F8F-BEA4-72E81F3ECD0F}.Debug|Any CPU.Build.0 = Debug|Any CPU
		{50C37D66-4AD9-4F8F-BEA4-72E81F3ECD0F}.Release|Any CPU.ActiveCfg = Release|Any CPU
		{50C37D66-4AD9-4F8F-BEA4-72E81F3ECD0F}.Release|Any CPU.Build.0 = Release|Any CPU
		{BE33F65B-9389-4E20-A847-4E5A8E93F3F8}.Debug|Any CPU.ActiveCfg = Debug|Any CPU
		{BE33F65B-9389-4E20-A847-4E5A8E93F3F8}.Debug|Any CPU.Build.0 = Debug|Any CPU
		{BE33F65B-9389-4E20-A847-4E5A8E93F3F8}.Release|Any CPU.ActiveCfg = Release|Any CPU
		{BE33F65B-9389-4E20-A847-4E5A8E93F3F8}.Release|Any CPU.Build.0 = Release|Any CPU
		{555C7DF1-8003-41F7-BE0D-98DD2F948C7F}.Debug|Any CPU.ActiveCfg = Debug|Any CPU
		{555C7DF1-8003-41F7-BE0D-98DD2F948C7F}.Debug|Any CPU.Build.0 = Debug|Any CPU
		{555C7DF1-8003-41F7-BE0D-98DD2F948C7F}.Release|Any CPU.ActiveCfg = Release|Any CPU
		{555C7DF1-8003-41F7-BE0D-98DD2F948C7F}.Release|Any CPU.Build.0 = Release|Any CPU
		{0258F34C-3D56-4181-95E6-3328ABD48A08}.Debug|Any CPU.ActiveCfg = Debug|Any CPU
		{0258F34C-3D56-4181-95E6-3328ABD48A08}.Debug|Any CPU.Build.0 = Debug|Any CPU
		{0258F34C-3D56-4181-95E6-3328ABD48A08}.Release|Any CPU.ActiveCfg = Release|Any CPU
		{0258F34C-3D56-4181-95E6-3328ABD48A08}.Release|Any CPU.Build.0 = Release|Any CPU
	EndGlobalSection
EndGlobal
